
Microsoft Visual Studio Solution File, Format Version 12.00
# Visual Studio Version 17
VisualStudioVersion = 17.0.31903.59
MinimumVisualStudioVersion = 10.0.40219.1
Project("{2150E333-8FDC-42A3-9474-1A3956D46DE8}") = "src", "src", "{2D5839A4-0890-4EA5-929C-8BCF95E4B99B}"
EndProject
Project("{FAE04EC0-301F-11D3-BF4B-00C04F79EFBC}") = "Catalog", "src\Catalog\Catalog.csproj", "{087A6B10-F165-4DF6-9B00-184D79F8CE7C}"
EndProject
Global
	GlobalSection(SolutionConfigurationPlatforms) = preSolution
		Debug|Any CPU = Debug|Any CPU
		Release|Any CPU = Release|Any CPU
	EndGlobalSection
	GlobalSection(SolutionProperties) = preSolution
		HideSolutionNode = FALSE
	EndGlobalSection
	GlobalSection(NestedProjects) = preSolution
		{087A6B10-F165-4DF6-9B00-184D79F8CE7C} = {2D5839A4-0890-4EA5-929C-8BCF95E4B99B}
	EndGlobalSection
	GlobalSection(ProjectConfigurationPlatforms) = postSolution
		{087A6B10-F165-4DF6-9B00-184D79F8CE7C}.Debug|Any CPU.ActiveCfg = Debug|Any CPU
		{087A6B10-F165-4DF6-9B00-184D79F8CE7C}.Debug|Any CPU.Build.0 = Debug|Any CPU
		{087A6B10-F165-4DF6-9B00-184D79F8CE7C}.Release|Any CPU.ActiveCfg = Release|Any CPU
		{087A6B10-F165-4DF6-9B00-184D79F8CE7C}.Release|Any CPU.Build.0 = Release|Any CPU
	EndGlobalSection
EndGlobal
